{
  "version": 4,
  "terraform_version": "0.15.0",
  "serial": 697,
  "lineage": "268f2181-88aa-8f59-3679-c48e05991c64",
  "outputs": {
    "instance_ips": {
      "value": [
        "13.57.240.244"
      ],
      "type": [
        "tuple",
        [
          "string"
        ]
      ]
    }
  },
  "resources": [
    {
      "mode": "managed",
      "type": "aws_instance",
      "name": "machine",
      "provider": "provider[\"registry.terraform.io/hashicorp/aws\"]",
      "instances": [
        {
          "schema_version": 1,
          "attributes": {
            "ami": "ami-0ec6517f6edbf8044",
            "arn": "arn:aws:ec2:us-west-1:115757259045:instance/i-09eff213e16e2ecca",
            "associate_public_ip_address": true,
            "availability_zone": "us-west-1a",
            "cpu_core_count": 1,
            "cpu_threads_per_core": 1,
            "credit_specification": [
              {
                "cpu_credits": "standard"
              }
            ],
            "disable_api_termination": false,
            "ebs_block_device": [],
            "ebs_optimized": false,
            "enclave_options": [
              {
                "enabled": false
              }
            ],
            "ephemeral_block_device": [],
            "get_password_data": false,
            "hibernation": false,
            "host_id": null,
            "iam_instance_profile": "",
            "id": "i-09eff213e16e2ecca",
            "instance_initiated_shutdown_behavior": null,
            "instance_state": "running",
            "instance_type": "t2.micro",
            "ipv6_address_count": 0,
            "ipv6_addresses": [],
            "key_name": "deployer-key",
            "metadata_options": [
              {
                "http_endpoint": "enabled",
                "http_put_response_hop_limit": 1,
                "http_tokens": "optional"
              }
            ],
            "monitoring": false,
            "network_interface": [
              {
                "delete_on_termination": false,
                "device_index": 0,
                "network_interface_id": "eni-013f987c0e59c4a3d"
              }
            ],
            "outpost_arn": "",
            "password_data": "",
            "placement_group": "",
            "primary_network_interface_id": "eni-013f987c0e59c4a3d",
            "private_dns": "ip-10-0-1-100.us-west-1.compute.internal",
            "private_ip": "10.0.1.100",
            "public_dns": "ec2-13-57-240-244.us-west-1.compute.amazonaws.com",
            "public_ip": "13.57.240.244",
            "root_block_device": [
              {
                "delete_on_termination": true,
                "device_name": "/dev/xvda",
                "encrypted": false,
                "iops": 100,
                "kms_key_id": "",
                "tags": {},
                "throughput": 0,
                "volume_id": "vol-061e1f67bfb57ef6c",
                "volume_size": 8,
                "volume_type": "gp2"
              }
            ],
            "secondary_private_ips": [],
            "security_groups": [],
            "source_dest_check": true,
            "subnet_id": "subnet-00adda907910c3230",
            "tags": {
              "Name": "sequencecomparisson"
            },
            "tenancy": "default",
            "timeouts": null,
            "user_data": "74a35f1a7520855f312dcc2380ca483d3e838c96",
            "user_data_base64": null,
            "volume_tags": null,
            "vpc_security_group_ids": [
              "sg-0f38b5dd7024da51f"
            ]
          },
          "sensitive_attributes": [],
          "private": "eyJlMmJmYjczMC1lY2FhLTExZTYtOGY4OC0zNDM2M2JjN2M0YzAiOnsiY3JlYXRlIjo2MDAwMDAwMDAwMDAsImRlbGV0ZSI6MTIwMDAwMDAwMDAwMCwidXBkYXRlIjo2MDAwMDAwMDAwMDB9LCJzY2hlbWFfdmVyc2lvbiI6IjEifQ==",
          "dependencies": [
            "aws_key_pair.deployer",
            "aws_network_interface.main",
            "aws_subnet.main_subnet",
            "aws_vpc.main"
          ]
        }
      ]
    },
    {
      "mode": "managed",
      "type": "aws_internet_gateway",
      "name": "IGW_teste",
      "provider": "provider[\"registry.terraform.io/hashicorp/aws\"]",
      "instances": [
        {
          "schema_version": 0,
          "attributes": {
            "arn": "arn:aws:ec2:us-west-1:115757259045:internet-gateway/igw-09c0cd8b2987c9653",
            "id": "igw-09c0cd8b2987c9653",
            "owner_id": "115757259045",
            "tags": {
              "Name": "Internet gateway teste"
            },
            "vpc_id": "vpc-0a2b966e7e472d711"
          },
          "sensitive_attributes": [],
          "private": "bnVsbA==",
          "dependencies": [
            "aws_vpc.main"
          ]
        }
      ]
    },
    {
      "mode": "managed",
      "type": "aws_key_pair",
      "name": "deployer",
      "provider": "provider[\"registry.terraform.io/hashicorp/aws\"]",
      "instances": [
        {
          "schema_version": 1,
          "attributes": {
            "arn": "arn:aws:ec2:us-west-1:115757259045:key-pair/deployer-key",
            "fingerprint": "1d:bd:54:96:e8:15:50:c4:63:7e:73:ff:be:d1:15:35",
            "id": "deployer-key",
            "key_name": "deployer-key",
            "key_name_prefix": null,
            "key_pair_id": "key-0f2d81ae3790761a7",
            "public_key": "ssh-rsa AAAAB3NzaC1yc2EAAAADAQABAAABgQDJTNheRcHkQfiXTN6DDtUGKxnfbmtLHGTZDmX9PJkFgZNXM4xxvPQd8mk0lZ4gXKwBVSdv5oAAf50f7YxePp5rL/17nAItQvvZw0KKYWFMhr448c2FGwVMDpkyEHBUEFuV9wMnndaNn4Hnq5EKbQ2LrpVXiPuaIeSSUrlLqvK4eCHUuq2ceD6Nn1NjB3zoJLqclJIk4cdGiZPywjSW2A2TJtDKc1WcgAw9pbHSfdHuR1LXB0mMfxiHGpV6+Sdbq6I65oK7jneLWwEZmAql83Wf9wXfc4gX+Z3ixw9TOj+qwaJAXv6kpxG7DoC6sqY7MSht17NNn9thZsF7fRmCIQ2+2xLrKv9RiaMhIBx1L2Oy44gpX0N+NlvjL+BwsG9WxzKKwu44gQfdjEH69bCNKGT+MHYhQLPdExpL748tjRg2u+VYsGNEn7jwvsjl+00uzM00mOAvJI1UdRPkrUbMuLZdQmff+oyv1cb6s/dpXuUp4vihtPVE7OegJgXY85fWHyE= leonardo@leonardo-Avell",
            "tags": null
          },
          "sensitive_attributes": [],
          "private": "eyJzY2hlbWFfdmVyc2lvbiI6IjEifQ=="
        }
      ]
    },
    {
      "mode": "managed",
      "type": "aws_network_acl",
      "name": "Public_NACL",
      "provider": "provider[\"registry.terraform.io/hashicorp/aws\"]",
      "instances": [
        {
          "schema_version": 0,
          "attributes": {
            "arn": "arn:aws:ec2:us-west-1:115757259045:network-acl/acl-060682d40b2eaa1ef",
            "egress": [
              {
                "action": "allow",
                "cidr_block": "0.0.0.0/0",
                "from_port": 0,
                "icmp_code": null,
                "icmp_type": null,
                "ipv6_cidr_block": "",
                "protocol": "all",
                "rule_no": 100,
                "to_port": 0
              }
            ],
            "id": "acl-060682d40b2eaa1ef",
            "ingress": [
              {
                "action": "allow",
                "cidr_block": "0.0.0.0/0",
                "from_port": 0,
                "icmp_code": null,
                "icmp_type": null,
                "ipv6_cidr_block": "",
                "protocol": "all",
                "rule_no": 100,
                "to_port": 0
              }
            ],
            "owner_id": "115757259045",
            "subnet_ids": [
              "subnet-00adda907910c3230"
            ],
            "tags": {
              "Name": "Public NACL"
            },
            "vpc_id": "vpc-0a2b966e7e472d711"
          },
          "sensitive_attributes": [],
          "private": "bnVsbA==",
          "dependencies": [
            "aws_subnet.main_subnet",
            "aws_vpc.main"
          ]
        }
      ]
    },
    {
      "mode": "managed",
      "type": "aws_network_interface",
      "name": "main",
      "provider": "provider[\"registry.terraform.io/hashicorp/aws\"]",
      "instances": [
        {
          "schema_version": 0,
          "attributes": {
            "attachment": [],
            "description": "",
            "id": "eni-013f987c0e59c4a3d",
            "ipv6_address_count": 0,
            "ipv6_addresses": [],
            "mac_address": "02:c6:a7:a6:35:11",
            "outpost_arn": "",
            "private_dns_name": "ip-10-0-1-100.us-west-1.compute.internal",
            "private_ip": "10.0.1.100",
            "private_ips": [
              "10.0.1.100"
            ],
            "private_ips_count": 0,
            "security_groups": [
              "sg-0f38b5dd7024da51f"
            ],
            "source_dest_check": true,
            "subnet_id": "subnet-00adda907910c3230",
            "tags": {
              "Name": "primary_network_interface"
            }
          },
          "sensitive_attributes": [],
          "private": "bnVsbA==",
          "dependencies": [
            "aws_subnet.main_subnet",
            "aws_vpc.main"
          ]
        }
      ]
    },
    {
      "mode": "managed",
      "type": "aws_network_interface_sg_attachment",
      "name": "sg_attachment",
      "provider": "provider[\"registry.terraform.io/hashicorp/aws\"]",
      "instances": [
        {
          "schema_version": 0,
          "attributes": {
            "id": "sg-01cd690346e0bcd90_eni-013f987c0e59c4a3d",
            "network_interface_id": "eni-013f987c0e59c4a3d",
            "security_group_id": "sg-01cd690346e0bcd90"
          },
          "sensitive_attributes": [],
          "private": "bnVsbA==",
          "dependencies": [
            "aws_instance.machine",
            "aws_key_pair.deployer",
            "aws_network_interface.main",
            "aws_security_group.allow_http",
            "aws_subnet.main_subnet",
            "aws_vpc.main"
          ]
        }
      ]
    },
    {
      "mode": "managed",
      "type": "aws_network_interface_sg_attachment",
      "name": "sg_attachment_ssh",
      "provider": "provider[\"registry.terraform.io/hashicorp/aws\"]",
      "instances": [
        {
          "schema_version": 0,
          "attributes": {
            "id": "sg-0459751e50bee6639_eni-013f987c0e59c4a3d",
            "network_interface_id": "eni-013f987c0e59c4a3d",
            "security_group_id": "sg-0459751e50bee6639"
          },
          "sensitive_attributes": [],
          "private": "bnVsbA==",
          "dependencies": [
            "aws_instance.machine",
            "aws_key_pair.deployer",
            "aws_network_interface.main",
            "aws_security_group.allow_ssh",
            "aws_subnet.main_subnet",
            "aws_vpc.main"
          ]
        }
      ]
    },
    {
      "mode": "managed",
      "type": "aws_route",
      "name": "internet_access",
      "provider": "provider[\"registry.terraform.io/hashicorp/aws\"]",
      "instances": [
        {
          "schema_version": 0,
          "attributes": {
            "destination_cidr_block": "0.0.0.0/0",
            "destination_ipv6_cidr_block": "",
            "destination_prefix_list_id": "",
            "egress_only_gateway_id": "",
            "gateway_id": "igw-09c0cd8b2987c9653",
            "id": "r-rtb-05e7db89aad4463e71080289494",
            "instance_id": "",
            "instance_owner_id": "",
            "local_gateway_id": "",
            "nat_gateway_id": "",
            "network_interface_id": "",
            "origin": "CreateRoute",
            "route_table_id": "rtb-05e7db89aad4463e7",
            "state": "active",
            "timeouts": null,
            "transit_gateway_id": "",
            "vpc_endpoint_id": "",
            "vpc_peering_connection_id": ""
          },
          "sensitive_attributes": [],
          "private": "eyJlMmJmYjczMC1lY2FhLTExZTYtOGY4OC0zNDM2M2JjN2M0YzAiOnsiY3JlYXRlIjoxMjAwMDAwMDAwMDAsImRlbGV0ZSI6MzAwMDAwMDAwMDAwfX0=",
          "dependencies": [
            "aws_internet_gateway.IGW_teste",
            "aws_route_table.Public_RT",
            "aws_vpc.main"
          ]
        }
      ]
    },
    {
      "mode": "managed",
      "type": "aws_route_table",
      "name": "Public_RT",
      "provider": "provider[\"registry.terraform.io/hashicorp/aws\"]",
      "instances": [
        {
          "schema_version": 0,
          "attributes": {
            "id": "rtb-05e7db89aad4463e7",
            "owner_id": "115757259045",
            "propagating_vgws": [],
            "route": [],
            "tags": {
              "Name": "Public Route table"
            },
            "vpc_id": "vpc-0a2b966e7e472d711"
          },
          "sensitive_attributes": [],
          "private": "bnVsbA==",
          "dependencies": [
            "aws_vpc.main"
          ]
        }
      ]
    },
    {
      "mode": "managed",
      "type": "aws_route_table_association",
      "name": "Public_association",
      "provider": "provider[\"registry.terraform.io/hashicorp/aws\"]",
      "instances": [
        {
          "schema_version": 0,
          "attributes": {
            "gateway_id": null,
            "id": "rtbassoc-087739c95213d4a2c",
            "route_table_id": "rtb-05e7db89aad4463e7",
            "subnet_id": "subnet-00adda907910c3230"
          },
          "sensitive_attributes": [],
          "private": "bnVsbA==",
          "dependencies": [
            "aws_route_table.Public_RT",
            "aws_subnet.main_subnet",
            "aws_vpc.main"
          ]
        }
      ]
    },
    {
      "mode": "managed",
      "type": "aws_security_group",
      "name": "allow_http",
      "provider": "provider[\"registry.terraform.io/hashicorp/aws\"]",
      "instances": [
        {
          "schema_version": 1,
          "attributes": {
            "arn": "arn:aws:ec2:us-west-1:115757259045:security-group/sg-01cd690346e0bcd90",
            "description": "Allow http inbound traffic",
            "egress": [
              {
                "cidr_blocks": [
                  "0.0.0.0/0"
                ],
                "description": "",
                "from_port": 0,
                "ipv6_cidr_blocks": [],
                "prefix_list_ids": [],
                "protocol": "-1",
                "security_groups": [],
                "self": false,
                "to_port": 0
              }
            ],
            "id": "sg-01cd690346e0bcd90",
            "ingress": [
              {
                "cidr_blocks": [
                  "0.0.0.0/0"
                ],
                "description": "",
                "from_port": 8000,
                "ipv6_cidr_blocks": [],
                "prefix_list_ids": [],
                "protocol": "tcp",
                "security_groups": [],
                "self": false,
                "to_port": 8000
              }
            ],
            "name": "allow_http",
            "name_prefix": "",
            "owner_id": "115757259045",
            "revoke_rules_on_delete": false,
            "tags": null,
            "timeouts": null,
            "vpc_id": "vpc-0a2b966e7e472d711"
          },
          "sensitive_attributes": [],
          "private": "eyJlMmJmYjczMC1lY2FhLTExZTYtOGY4OC0zNDM2M2JjN2M0YzAiOnsiY3JlYXRlIjo2MDAwMDAwMDAwMDAsImRlbGV0ZSI6NjAwMDAwMDAwMDAwfSwic2NoZW1hX3ZlcnNpb24iOiIxIn0=",
          "dependencies": [
            "aws_vpc.main"
          ]
        }
      ]
    },
    {
      "mode": "managed",
      "type": "aws_security_group",
      "name": "allow_ssh",
      "provider": "provider[\"registry.terraform.io/hashicorp/aws\"]",
      "instances": [
        {
          "schema_version": 1,
          "attributes": {
            "arn": "arn:aws:ec2:us-west-1:115757259045:security-group/sg-0459751e50bee6639",
            "description": "Allow ssh inbound traffic",
            "egress": [],
            "id": "sg-0459751e50bee6639",
            "ingress": [
              {
                "cidr_blocks": [
                  "0.0.0.0/0"
                ],
                "description": "",
                "from_port": 22,
                "ipv6_cidr_blocks": [],
                "prefix_list_ids": [],
                "protocol": "tcp",
                "security_groups": [],
                "self": false,
                "to_port": 22
              }
            ],
            "name": "allow_ssh",
            "name_prefix": "",
            "owner_id": "115757259045",
            "revoke_rules_on_delete": false,
            "tags": null,
            "timeouts": null,
            "vpc_id": "vpc-0a2b966e7e472d711"
          },
          "sensitive_attributes": [],
          "private": "eyJlMmJmYjczMC1lY2FhLTExZTYtOGY4OC0zNDM2M2JjN2M0YzAiOnsiY3JlYXRlIjo2MDAwMDAwMDAwMDAsImRlbGV0ZSI6NjAwMDAwMDAwMDAwfSwic2NoZW1hX3ZlcnNpb24iOiIxIn0=",
          "dependencies": [
            "aws_vpc.main"
          ]
        }
      ]
    },
    {
      "mode": "managed",
      "type": "aws_subnet",
      "name": "main_subnet",
      "provider": "provider[\"registry.terraform.io/hashicorp/aws\"]",
      "instances": [
        {
          "schema_version": 1,
          "attributes": {
            "arn": "arn:aws:ec2:us-west-1:115757259045:subnet/subnet-00adda907910c3230",
            "assign_ipv6_address_on_creation": false,
            "availability_zone": "us-west-1a",
            "availability_zone_id": "usw1-az1",
            "cidr_block": "10.0.1.0/24",
            "customer_owned_ipv4_pool": "",
            "id": "subnet-00adda907910c3230",
            "ipv6_cidr_block": "",
            "ipv6_cidr_block_association_id": "",
            "map_customer_owned_ip_on_launch": false,
            "map_public_ip_on_launch": true,
            "outpost_arn": "",
            "owner_id": "115757259045",
            "tags": {
              "Name": "tf-subnet"
            },
            "tags_all": {
              "Name": "tf-subnet"
            },
            "timeouts": null,
            "vpc_id": "vpc-0a2b966e7e472d711"
          },
          "sensitive_attributes": [],
          "private": "eyJlMmJmYjczMC1lY2FhLTExZTYtOGY4OC0zNDM2M2JjN2M0YzAiOnsiY3JlYXRlIjo2MDAwMDAwMDAwMDAsImRlbGV0ZSI6MTIwMDAwMDAwMDAwMH0sInNjaGVtYV92ZXJzaW9uIjoiMSJ9",
          "dependencies": [
            "aws_vpc.main"
          ]
        }
      ]
    },
    {
      "mode": "managed",
      "type": "aws_vpc",
      "name": "main",
      "provider": "provider[\"registry.terraform.io/hashicorp/aws\"]",
      "instances": [
        {
          "schema_version": 1,
          "attributes": {
            "arn": "arn:aws:ec2:us-west-1:115757259045:vpc/vpc-0a2b966e7e472d711",
            "assign_generated_ipv6_cidr_block": false,
            "cidr_block": "10.0.0.0/16",
            "default_network_acl_id": "acl-0e952662ad53d1f14",
            "default_route_table_id": "rtb-0ee680281660aea9e",
            "default_security_group_id": "sg-0f38b5dd7024da51f",
            "dhcp_options_id": "dopt-3ecc0058",
            "enable_classiclink": false,
            "enable_classiclink_dns_support": false,
            "enable_dns_hostnames": true,
            "enable_dns_support": true,
            "id": "vpc-0a2b966e7e472d711",
            "instance_tenancy": "default",
            "ipv6_association_id": "",
            "ipv6_cidr_block": "",
            "main_route_table_id": "rtb-0ee680281660aea9e",
            "owner_id": "115757259045",
            "tags": null,
            "tags_all": {}
          },
          "sensitive_attributes": [],
          "private": "eyJzY2hlbWFfdmVyc2lvbiI6IjEifQ=="
        }
      ]
    }
  ]
}
